{
    "name": "test",
    "version": "1.0.0",
    "lockfileVersion": 2,
    "requires": true,
    "packages": {
        "": {
            "name": "test",
            "version": "1.0.0",
            "dependencies": {
                "rust-wasm-module": "file:./pkg"
            }
        },
        "node_modules/rust-wasm-module": {
            "resolved": "pkg",
            "link": true
        },
        "pkg": {
            "name": "rust-wasm-module",
            "version": "0.1.0"
        }
    },
    "dependencies": {
        "rust-wasm-module": {
            "version": "file:pkg"
        }
    }
}
